
Microsoft Visual Studio Solution File, Format Version 12.00
# Visual Studio 15
VisualStudioVersion = 15.0.27130.2010
MinimumVisualStudioVersion = 10.0.40219.1
Project("{FAE04EC0-301F-11D3-BF4B-00C04F79EFBC}") = "ThreadingMaxCountTest", "ThreadingExamples\ThreadingMaxCountTest.csproj", "{67EC4D41-BDEA-4970-9F2C-7BE75FCC0C7F}"
EndProject
Project("{FAE04EC0-301F-11D3-BF4B-00C04F79EFBC}") = "ThreadSafeLock", "ThreadSafeLock\ThreadSafeLock.csproj", "{C6847A90-1B98-492A-BE12-B9F6E73051C2}"
EndProject
Project("{FAE04EC0-301F-11D3-BF4B-00C04F79EFBC}") = "ThreadingDeadlock", "ThreadingDeadlock\ThreadingDeadlock.csproj", "{603B79CF-4855-4DB9-B126-741CECD13160}"
EndProject
Project("{FAE04EC0-301F-11D3-BF4B-00C04F79EFBC}") = "WorkerQueue", "WorkerQueue\WorkerQueue.csproj", "{B94BE25F-C4D5-45DE-8E45-DAB061843B8D}"
EndProject
Project("{FAE04EC0-301F-11D3-BF4B-00C04F79EFBC}") = "ThreadPriority", "ThreadPriority\ThreadPriority.csproj", "{CC5ED5B5-871E-4929-BC9F-28AAE5B89AF2}"
EndProject
Project("{FAE04EC0-301F-11D3-BF4B-00C04F79EFBC}") = "ThreadTimerClass", "ThreadTimerClass\ThreadTimerClass.csproj", "{2600FB19-CEFA-4D34-A98E-B6B414E400D4}"
EndProject
Global
	GlobalSection(SolutionConfigurationPlatforms) = preSolution
		Debug|Any CPU = Debug|Any CPU
		Release|Any CPU = Release|Any CPU
	EndGlobalSection
	GlobalSection(ProjectConfigurationPlatforms) = postSolution
		{67EC4D41-BDEA-4970-9F2C-7BE75FCC0C7F}.Debug|Any CPU.ActiveCfg = Debug|Any CPU
		{67EC4D41-BDEA-4970-9F2C-7BE75FCC0C7F}.Debug|Any CPU.Build.0 = Debug|Any CPU
		{67EC4D41-BDEA-4970-9F2C-7BE75FCC0C7F}.Release|Any CPU.ActiveCfg = Release|Any CPU
		{67EC4D41-BDEA-4970-9F2C-7BE75FCC0C7F}.Release|Any CPU.Build.0 = Release|Any CPU
		{C6847A90-1B98-492A-BE12-B9F6E73051C2}.Debug|Any CPU.ActiveCfg = Debug|Any CPU
		{C6847A90-1B98-492A-BE12-B9F6E73051C2}.Debug|Any CPU.Build.0 = Debug|Any CPU
		{C6847A90-1B98-492A-BE12-B9F6E73051C2}.Release|Any CPU.ActiveCfg = Release|Any CPU
		{C6847A90-1B98-492A-BE12-B9F6E73051C2}.Release|Any CPU.Build.0 = Release|Any CPU
		{603B79CF-4855-4DB9-B126-741CECD13160}.Debug|Any CPU.ActiveCfg = Debug|Any CPU
		{603B79CF-4855-4DB9-B126-741CECD13160}.Debug|Any CPU.Build.0 = Debug|Any CPU
		{603B79CF-4855-4DB9-B126-741CECD13160}.Release|Any CPU.ActiveCfg = Release|Any CPU
		{603B79CF-4855-4DB9-B126-741CECD13160}.Release|Any CPU.Build.0 = Release|Any CPU
		{B94BE25F-C4D5-45DE-8E45-DAB061843B8D}.Debug|Any CPU.ActiveCfg = Debug|Any CPU
		{B94BE25F-C4D5-45DE-8E45-DAB061843B8D}.Debug|Any CPU.Build.0 = Debug|Any CPU
		{B94BE25F-C4D5-45DE-8E45-DAB061843B8D}.Release|Any CPU.ActiveCfg = Release|Any CPU
		{B94BE25F-C4D5-45DE-8E45-DAB061843B8D}.Release|Any CPU.Build.0 = Release|Any CPU
		{CC5ED5B5-871E-4929-BC9F-28AAE5B89AF2}.Debug|Any CPU.ActiveCfg = Debug|Any CPU
		{CC5ED5B5-871E-4929-BC9F-28AAE5B89AF2}.Debug|Any CPU.Build.0 = Debug|Any CPU
		{CC5ED5B5-871E-4929-BC9F-28AAE5B89AF2}.Release|Any CPU.ActiveCfg = Release|Any CPU
		{CC5ED5B5-871E-4929-BC9F-28AAE5B89AF2}.Release|Any CPU.Build.0 = Release|Any CPU
		{2600FB19-CEFA-4D34-A98E-B6B414E400D4}.Debug|Any CPU.ActiveCfg = Debug|Any CPU
		{2600FB19-CEFA-4D34-A98E-B6B414E400D4}.Debug|Any CPU.Build.0 = Debug|Any CPU
		{2600FB19-CEFA-4D34-A98E-B6B414E400D4}.Release|Any CPU.ActiveCfg = Release|Any CPU
		{2600FB19-CEFA-4D34-A98E-B6B414E400D4}.Release|Any CPU.Build.0 = Release|Any CPU
	EndGlobalSection
	GlobalSection(SolutionProperties) = preSolution
		HideSolutionNode = FALSE
	EndGlobalSection
	GlobalSection(ExtensibilityGlobals) = postSolution
		SolutionGuid = {9A6358A4-81E7-47D4-94D7-9ED30C1B6A8E}
	EndGlobalSection
EndGlobal
